
Microsoft Visual Studio Solution File, Format Version 11.00
# Visual Studio 2010
Project("{FAE04EC0-301F-11D3-BF4B-00C04F79EFBC}") = "Electrical Sandbox Redux", "Assembly-CSharp.csproj", "{7B65AE83-EF69-6390-971E-CBA078CABA6F}"
EndProject
Project("{FAE04EC0-301F-11D3-BF4B-00C04F79EFBC}") = "Electrical Sandbox Redux", "Assembly-CSharp-Editor.csproj", "{A0DC452A-C481-8A35-9DB2-91234E3F63BB}"
EndProject
Global
	GlobalSection(SolutionConfigurationPlatforms) = preSolution
		Debug|Any CPU = Debug|Any CPU
		Release|Any CPU = Release|Any CPU
	EndGlobalSection
	GlobalSection(ProjectConfigurationPlatforms) = postSolution
		{7B65AE83-EF69-6390-971E-CBA078CABA6F}.Debug|Any CPU.ActiveCfg = Debug|Any CPU
		{7B65AE83-EF69-6390-971E-CBA078CABA6F}.Debug|Any CPU.Build.0 = Debug|Any CPU
		{7B65AE83-EF69-6390-971E-CBA078CABA6F}.Release|Any CPU.ActiveCfg = Release|Any CPU
		{7B65AE83-EF69-6390-971E-CBA078CABA6F}.Release|Any CPU.Build.0 = Release|Any CPU
		{A0DC452A-C481-8A35-9DB2-91234E3F63BB}.Debug|Any CPU.ActiveCfg = Debug|Any CPU
		{A0DC452A-C481-8A35-9DB2-91234E3F63BB}.Debug|Any CPU.Build.0 = Debug|Any CPU
		{A0DC452A-C481-8A35-9DB2-91234E3F63BB}.Release|Any CPU.ActiveCfg = Release|Any CPU
		{A0DC452A-C481-8A35-9DB2-91234E3F63BB}.Release|Any CPU.Build.0 = Release|Any CPU
	EndGlobalSection
	GlobalSection(SolutionProperties) = preSolution
		HideSolutionNode = FALSE
	EndGlobalSection
	GlobalSection(MonoDevelopProperties) = preSolution
		StartupItem = Assembly-CSharp.csproj
	EndGlobalSection
EndGlobal
